
Microsoft Visual Studio Solution File, Format Version 12.00
# Visual Studio Version 17
VisualStudioVersion = 17.11.35303.130
MinimumVisualStudioVersion = 10.0.40219.1
Project("{8BC9CEB8-8B4A-11D0-8D11-00A0C91BC942}") = "hw2", "hw2\hw2.vcxproj", "{FAE097C1-4353-4E49-9FC6-04944BC62032}"
EndProject
Global
	GlobalSection(SolutionConfigurationPlatforms) = preSolution
		Debug|ARM64 = Debug|ARM64
		Debug|x64 = Debug|x64
		Debug|x86 = Debug|x86
		Release|ARM64 = Release|ARM64
		Release|x64 = Release|x64
		Release|x86 = Release|x86
	EndGlobalSection
	GlobalSection(ProjectConfigurationPlatforms) = postSolution
		{FAE097C1-4353-4E49-9FC6-04944BC62032}.Debug|ARM64.ActiveCfg = Debug|ARM64
		{FAE097C1-4353-4E49-9FC6-04944BC62032}.Debug|ARM64.Build.0 = Debug|ARM64
		{FAE097C1-4353-4E49-9FC6-04944BC62032}.Debug|x64.ActiveCfg = Debug|x64
		{FAE097C1-4353-4E49-9FC6-04944BC62032}.Debug|x64.Build.0 = Debug|x64
		{FAE097C1-4353-4E49-9FC6-04944BC62032}.Debug|x86.ActiveCfg = Debug|Win32
		{FAE097C1-4353-4E49-9FC6-04944BC62032}.Debug|x86.Build.0 = Debug|Win32
		{FAE097C1-4353-4E49-9FC6-04944BC62032}.Release|ARM64.ActiveCfg = Release|ARM64
		{FAE097C1-4353-4E49-9FC6-04944BC62032}.Release|ARM64.Build.0 = Release|ARM64
		{FAE097C1-4353-4E49-9FC6-04944BC62032}.Release|x64.ActiveCfg = Release|x64
		{FAE097C1-4353-4E49-9FC6-04944BC62032}.Release|x64.Build.0 = Release|x64
		{FAE097C1-4353-4E49-9FC6-04944BC62032}.Release|x86.ActiveCfg = Release|Win32
		{FAE097C1-4353-4E49-9FC6-04944BC62032}.Release|x86.Build.0 = Release|Win32
	EndGlobalSection
	GlobalSection(SolutionProperties) = preSolution
		HideSolutionNode = FALSE
	EndGlobalSection
	GlobalSection(ExtensibilityGlobals) = postSolution
		SolutionGuid = {3224B161-E767-4D84-A12F-C7A45229B4F7}
	EndGlobalSection
EndGlobal
